github.com/STARRY-S/zip v0.2.3 h1:luE4dMvRPDOWQdeDdUxUoZkzUIpTccdKdhHHsQJ1fm4=
github.com/STARRY-S/zip v0.2.3/go.mod h1:lqJ9JdeRipyOQJrYSOtpNAiaesFO6zVDsE8GIGFaoSk=
github.com/andybalholm/brotli v1.2.1 h1:R+f5xP285VArJDRgowrfb9DqL18yVK0gKAW/F+eTWro=
github.com/andybalholm/brotli v1.2.1/go.mod h1:rzTDkvFWvIrjDXZHkuS16NPggd91W3kUSvPlQ1pLaKY=
github.com/asaskevich/govalidator v0.0.0-20230301143203-a9d515a09cc2 h1:DklsrG3dyBCFEj5IhUbnKptjxatkF07cF2ak3yi77so=
github.com/asaskevich/govalidator v0.0.0-20230301143203-a9d515a09cc2/go.mod h1:WaHUgvxTVq04UNunO+XhnAqY/wQc+bxr74GqbsZ/Jqw=
github.com/aymerick/douceur v0.2.0 h1:Mv+mAeH1Q+n9Fr+oyamOlAkUNPWPlA8PPGR0QAaYuPk=
github.com/aymerick/douceur v0.2.0/go.mod h1:wlT5vV2O3h55X9m7iVYN0TBM0NH/MmbLnd30/FjWUq4=
github.com/bodgit/plumbing v1.3.0 h1:pf9Itz1JOQgn7vEOE7v7nlEfBykYqvUYioC61TwWCFU=
github.com/bodgit/plumbing v1.3.0/go.mod h1:JOTb4XiRu5xfnmdnDJo6GmSbSbtSyufrsyZFByMtKEs=
github.com/bodgit/sevenzip v1.6.4 h1:iHiVJfxbrB6RF4X+snI2MpVgNBKmVfGaTqZGNlMQIU0=
github.com/bodgit/sevenzip v1.6.4/go.mod h1:ZtNi5KNgHXeXg1G7WiF0IWSuFE2eG6lt/cTGlvuirO0=
github.com/bodgit/windows v1.0.1 h1:tF7K6KOluPYygXa3Z2594zxlkbKPAOvqr97etrGNIz4=
github.com/bodgit/windows v1.0.1/go.mod h1:a6JLwrB4KrTR5hBpp8FI9/9W9jJfeQ2h4XDXU74ZCdM=
github.com/cnf/structhash v0.0.0-20250313080605-df4c6cc74a9a h1:Ohw57yVY2dBTt+gsC6aZdteyxwlxfbtgkFEMTEkwgSw=
github.com/cnf/structhash v0.0.0-20250313080605-df4c6cc74a9a/go.mod h1:pCxVEbcm3AMg7ejXyorUXi6HQCzOIBf7zEDVPtw0/U4=
github.com/creack/pty v1.1.9/go.mod h1:oKZEueFk5CKHvIhNR5MUki03XCEU+Q6VDXinZuGJ33E=
github.com/davecgh/go-spew v1.1.0/go.mod h1:J7Y8YcW2NihsgmVo/mv3lAwl/skON4iLHjSsI+c5H38=
github.com/davecgh/go-spew v1.1.1/go.mod h1:J7Y8YcW2NihsgmVo/mv3lAwl/skON4iLHjSsI+c5H38=
github.com/davecgh/go-spew v1.1.2-0.20180830191138-d8f796af33cc h1:U9qPSI2PIWSS1VwoXQT9A3Wy9MM3WgvqSxFWenqJduM=
github.com/davecgh/go-spew v1.1.2-0.20180830191138-d8f796af33cc/go.mod h1:J7Y8YcW2NihsgmVo/mv3lAwl/skON4iLHjSsI+c5H38=
github.com/djherbis/times v1.6.0 h1:w2ctJ92J8fBvWPxugmXIv7Nz7Q3iDMKNx9v5ocVH20c=
github.com/djherbis/times v1.6.0/go.mod h1:gOHeRAz2h+VJNZ5Gmc/o7iD9k4wW7NMVqieYCY99oc0=
github.com/dsnet/compress v0.0.2-0.20230904184137-39efe44ab707 h1:2tV76y6Q9BB+NEBasnqvs7e49aEBFI8ejC89PSnWH+4=
github.com/dsnet/compress v0.0.2-0.20230904184137-39efe44ab707/go.mod h1:qssHWj60/X5sZFNxpG4HBPDHVqxNm4DfnCKgrbZOT+s=
github.com/dsnet/golib v0.0.0-20171103203638-1ea166775780/go.mod h1:Lj+Z9rebOhdfkVLjJ8T6VcRQv3SXugXy999NBtR9aFY=
github.com/google/go-cmp v0.5.5/go.mod h1:v8dTdLbMG2kIc/vJvl+f65V22dbkXbowE6jgT/gNBxE=
github.com/google/go-cmp v0.7.0 h1:wk8382ETsv4JYUZwIsn6YpYiWiBsYLSJiTsyBybVuN8=
github.com/google/go-cmp v0.7.0/go.mod h1:pXiqmnSA92OHEEa9HXL2W4E7lf9JzCmGVUdgjX3N/iU=
github.com/google/gofuzz v1.0.0/go.mod h1:dBl0BpW6vV/+mYPU4Po3pmUjxk6FQPldtuIdl/M65Eg=
github.com/google/shlex v0.0.0-20191202100458-e7afc7fbc510 h1:El6M4kTTCOh6aBiKaUGG7oYTSPP8MxqL4YI3kZKwcP4=
github.com/google/shlex v0.0.0-20191202100458-e7afc7fbc510/go.mod h1:pupxD2MaaD3pAXIBCelhxNneeOaAeabZDe5s4K6zSpQ=
github.com/gorilla/css v1.0.1 h1:ntNaBIghp6JmvWnxbZKANoLyuXTPZ4cAMlo6RyhlbO8=
github.com/gorilla/css v1.0.1/go.mod h1:BvnYkspnSzMmwRK+b8/xgNPLiIuNZr6vbZBTPQ2A3b0=
github.com/hashicorp/golang-lru/v2 v2.0.7 h1:a+bsQ5rvGLjzHuww6tVxozPZFVghXaHOwFs4luLUK2k=
github.com/hashicorp/golang-lru/v2 v2.0.7/go.mod h1:QeFd9opnmA6QUJc5vARoKUSoFhyfM2/ZepoAG6RGpeM=
github.com/joho/godotenv v1.5.1 h1:7eLL/+HRGLY0ldzfGMeQkb7vMd0as4CfYvUVzLqw0N0=
github.com/joho/godotenv v1.5.1/go.mod h1:f4LDr5Voq0i2e/R5DDNOoa2zzDfwtkZa6DnEwAbqwq4=
github.com/json-iterator/go v1.1.12 h1:PV8peI4a0ysnczrg+LtxykD8LfKY9ML6u2jnxaEnrnM=
github.com/json-iterator/go v1.1.12/go.mod h1:e30LSqwooZae/UwlEbR2852Gd8hjQvJoHmT4TnhNGBo=
github.com/klauspost/compress v1.4.1/go.mod h1:RyIbtBH6LamlWaDj8nUwkbUhJ87Yi3uG0guNDohfE1A=
github.com/klauspost/compress v1.18.6 h1:2jupLlAwFm95+YDR+NwD2MEfFO9d4z4Prjl1XXDjuao=
github.com/klauspost/compress v1.18.6/go.mod h1:cwPg85FWrGar70rWktvGQj8/hthj3wpl0PGDogxkrSQ=
github.com/klauspost/cpuid v1.2.0/go.mod h1:Pj4uuM528wm8OyEC2QMXAi2YiTZ96dNQPGgoMS4s3ek=
github.com/klauspost/pgzip v1.2.6 h1:8RXeL5crjEUFnR2/Sn6GJNWtSQ3Dk8pq4CL3jvdDyjU=
github.com/klauspost/pgzip v1.2.6/go.mod h1:Ch1tH69qFZu15pkjo5kYi6mth2Zzwzt50oCQKQE9RUs=
github.com/kr/pretty v0.3.1 h1:flRD4NNwYAUpkphVc1HcthR4KEIFJ65n8Mw5qdRn3LE=
github.com/kr/pretty v0.3.1/go.mod h1:hoEshYVHaxMs3cyo3Yncou5ZscifuDolrwPKZanG3xk=
github.com/kr/text v0.2.0 h1:5Nx0Ya0ZqY2ygV366QzturHI13Jq95ApcVaJBhpS+AY=
github.com/kr/text v0.2.0/go.mod h1:eLer722TekiGuMkidMxC/pM04lWEeraHUUmBw8l2grE=
github.com/logrusorgru/aurora/v4 v4.0.0 h1:sRjfPpun/63iADiSvGGjgA1cAYegEWMPCJdUpJYn9JA=
github.com/logrusorgru/aurora/v4 v4.0.0/go.mod h1:lP0iIa2nrnT/qoFXcOZSrZQpJ1o6n2CUf/hyHi2Q4ZQ=
github.com/mattn/go-isatty v0.0.22 h1:j8l17JJ9i6VGPUFUYoTUKPSgKe/83EYU2zBC7YNKMw4=
github.com/mattn/go-isatty v0.0.22/go.mod h1:ZXfXG4SQHsB/w3ZeOYbR0PrPwLy+n6xiMrJlRFqopa4=
github.com/mholt/archives v0.1.5 h1:Fh2hl1j7VEhc6DZs2DLMgiBNChUux154a1G+2esNvzQ=
github.com/mholt/archives v0.1.5/go.mod h1:3TPMmBLPsgszL+1As5zECTuKwKvIfj6YcwWPpeTAXF4=
github.com/microcosm-cc/bluemonday v1.0.27 h1:MpEUotklkwCSLeH+Qdx1VJgNqLlpY2KXwXFM08ygZfk=
github.com/microcosm-cc/bluemonday v1.0.27/go.mod h1:jFi9vgW+H7c3V0lb6nR74Ib/DIB5OBs92Dimizgw2cA=
github.com/miekg/dns v1.1.72 h1:vhmr+TF2A3tuoGNkLDFK9zi36F2LS+hKTRW0Uf8kbzI=
github.com/miekg/dns v1.1.72/go.mod h1:+EuEPhdHOsfk6Wk5TT2CzssZdqkmFhf8r+aVyDEToIs=
github.com/mikelolasagasti/xz v1.0.1 h1:Q2F2jX0RYJUG3+WsM+FJknv+6eVjsjXNDV0KJXZzkD0=
github.com/mikelolasagasti/xz v1.0.1/go.mod h1:muAirjiOUxPRXwm9HdDtB3uoRPrGnL85XHtokL9Hcgc=
github.com/minio/minlz v1.1.1 h1:OGmft1V6AnI/Wme332U6bhG54nxEan+VFgkD7lat4KM=
github.com/minio/minlz v1.1.1/go.mod h1:qT0aEB35q79LLornSzeDH75LBf3aH1MV+jB5w9Wasec=
github.com/modern-go/concurrent v0.0.0-20180228061459-e0a39a4cb421/go.mod h1:6dJC0mAP4ikYIbvyc7fijjWJddQyLn8Ig3JB5CqoB9Q=
github.com/modern-go/concurrent v0.0.0-20180306012644-bacd9c7ef1dd h1:TRLaZ9cD/w8PVh93nsPXa1VrQ6jlwL5oN8l14QlcNfg=
github.com/modern-go/concurrent v0.0.0-20180306012644-bacd9c7ef1dd/go.mod h1:6dJC0mAP4ikYIbvyc7fijjWJddQyLn8Ig3JB5CqoB9Q=
github.com/modern-go/reflect2 v1.0.2 h1:xBagoLtFs94CBntxluKeaWgTMpvLxC4ur3nMaC9Gz0M=
github.com/modern-go/reflect2 v1.0.2/go.mod h1:yWuevngMOJpCy52FWWMvUC8ws7m/LJsjYzDa0/r8luk=
github.com/nwaples/rardecode/v2 v2.2.5 h1:L5doqgGfQwI7qADJMqnkrSB86rpPsqQDrHeO0HWa5JY=
github.com/nwaples/rardecode/v2 v2.2.5/go.mod h1:7uz379lSxPe6j9nvzxUZ+n7mnJNgjsRNb6IbvGVHRmw=
github.com/pierrec/lz4/v4 v4.1.27 h1:+PhzhWDrjRj89TH2sw43nE3+4+W8lSxIuQadEHZyjUk=
github.com/pierrec/lz4/v4 v4.1.27/go.mod h1:EoQMVJgeeEOMsCqCzqFm2O0cJvljX2nGZjcRIPL34O4=
github.com/pkg/diff v0.0.0-20210226163009-20ebb0f2a09e/go.mod h1:pJLUxLENpZxwdsKMEsNbx1VGcRFpLqf3715MtcvvzbA=
github.com/pkg/errors v0.9.1 h1:FEBLx1zS214owpjy7qsBeixbURkuhQAwrK5UwLGTwt4=
github.com/pkg/errors v0.9.1/go.mod h1:bwawxfHBFNV+L2hUp1rHADufV3IMtnDRdf1r5NINEl0=
github.com/pmezard/go-difflib v1.0.0/go.mod h1:iKH77koFhYxTK1pcRnkKkqfTogsbg7gZNVY4sRDYZ/4=
github.com/pmezard/go-difflib v1.0.1-0.20181226105442-5d4384ee4fb2 h1:Jamvg5psRIccs7FGNTlIRMkT8wgtp5eCXdBlqhYGL6U=
github.com/pmezard/go-difflib v1.0.1-0.20181226105442-5d4384ee4fb2/go.mod h1:iKH77koFhYxTK1pcRnkKkqfTogsbg7gZNVY4sRDYZ/4=
github.com/projectdiscovery/blackrock v0.0.1 h1:lHQqhaaEFjgf5WkuItbpeCZv2DUIE45k0VbGJyft6LQ=
github.com/projectdiscovery/blackrock v0.0.1/go.mod h1:ANUtjDfaVrqB453bzToU+YB4cUbvBRpLvEwoWIwlTss=
github.com/projectdiscovery/goflags v0.1.74 h1:n85uTRj5qMosm0PFBfsvOL24I7TdWRcWq/1GynhXS7c=
github.com/projectdiscovery/goflags v0.1.74/go.mod h1:UMc9/7dFz2oln+10tv6cy+7WZKTHf9UGhaNkF95emh4=
github.com/projectdiscovery/gologger v1.1.70 h1:A1ZAsUJfRUXO6qqwTwyTWXLVlBrVu/Gpi1zzL1hg5LY=
github.com/projectdiscovery/gologger v1.1.70/go.mod h1:kpLKNafZWRN9P7WpJYtIOY/XvY/v41GDdU9NzICdKmo=
github.com/projectdiscovery/utils v0.11.1 h1:PWj1KjIASxt8icxommH72C0TQqNOvGkcSODRkiq0SQw=
github.com/projectdiscovery/utils v0.11.1/go.mod h1:yktGrHGk2CTjNiccXovnvGrLHX9sV2bqz9nSnbA3V8M=
github.com/rogpeppe/go-internal v1.9.0 h1:73kH8U+JUqXU8lRuOHeVHaa/SZPifC7BkcraZVejAe8=
github.com/rogpeppe/go-internal v1.9.0/go.mod h1:WtVeX8xhTBvf0smdhujwtBcq4Qrzq/fJaraNFVN+nFs=
github.com/saintfish/chardet v0.0.0-20230101081208-5e3ef4b5456d h1:hrujxIzL1woJ7AwssoOcM/tq5JjjG2yYOc8odClEiXA=
github.com/saintfish/chardet v0.0.0-20230101081208-5e3ef4b5456d/go.mod h1:uugorj2VCxiV1x+LzaIdVa9b4S4qGAcH6cbhh4qVxOU=
github.com/sorairolake/lzip-go v0.3.8 h1:j5Q2313INdTA80ureWYRhX+1K78mUXfMoPZCw/ivWik=
github.com/sorairolake/lzip-go v0.3.8/go.mod h1:JcBqGMV0frlxwrsE9sMWXDjqn3EeVf0/54YPsw66qkU=
github.com/spf13/afero v1.15.0 h1:b/YBCLWAJdFWJTN9cLhiXXcD7mzKn9Dm86dNnfyQw1I=
github.com/spf13/afero v1.15.0/go.mod h1:NC2ByUVxtQs4b3sIUphxK0NioZnmxgyCrfzeuq8lxMg=
github.com/stangelandcl/ppmd v0.1.1 h1:c25QazhlWUn5nmR1QOzafKhQxBicAr7GGCKER2aJ8H8=
github.com/stangelandcl/ppmd v0.1.1/go.mod h1:Rrv7M+/2P5jYr/GMLhBl7Ug3uJ1bUiVzr5LbbaV6xgY=
github.com/stretchr/objx v0.1.0/go.mod h1:HFkY916IF+rwdDfMAkV7OtwuqBVzrE8GR6GFx+wExME=
github.com/stretchr/objx v0.4.0/go.mod h1:YvHI0jy2hoMjB+UWwv71VJQ9isScKT/TqJzVSSt89Yw=
github.com/stretchr/objx v0.5.0/go.mod h1:Yh+to48EsGEfYuaHDzXPcE3xhTkx73EhmCGUpEOglKo=
github.com/stretchr/objx v0.5.2 h1:xuMeJ0Sdp5ZMRXx/aWO6RZxdr3beISkG5/G/aIRr3pY=
github.com/stretchr/objx v0.5.2/go.mod h1:FRsXN1f5AsAjCGJKqEizvkpNtU+EGNCLh3NxZ/8L+MA=
github.com/stretchr/testify v1.3.0/go.mod h1:M5WIy9Dh21IEIfnGCwXGc5bZfKNJtfHm1UVUgZn+9EI=
github.com/stretchr/testify v1.7.1/go.mod h1:6Fq8oRcR53rry900zMqJjRRixrwX3KX962/h/Wwjteg=
github.com/stretchr/testify v1.8.0/go.mod h1:yNjHg4UonilssWZ8iaSj1OCr/vHnekPRkoO+kdMU+MU=
github.com/stretchr/testify v1.8.1/go.mod h1:w2LPCIKwWwSfY2zedu0+kehJoqGctiVI29o6fzry7u4=
github.com/stretchr/testify v1.11.1 h1:7s2iGBzp5EwR7/aIZr8ao5+dra3wiQyKjjFuvgVKu7U=
github.com/stretchr/testify v1.11.1/go.mod h1:wZwfW3scLgRK+23gO65QZefKpKQRnfz6sD981Nm4B6U=
github.com/tidwall/gjson v1.19.0 h1:xwxm7n691Uf3u5OFjzngavjGTh55KX5q/9w9xHW88JU=
github.com/tidwall/gjson v1.19.0/go.mod h1:V37/opeE/JbLUOfH0QTXiNez2l0RUjYUhpT4szFQAfc=
github.com/tidwall/match v1.2.0 h1:0pt8FlkOwjN2fPt4bIl4BoNxb98gGHN2ObFEDkrfZnM=
github.com/tidwall/match v1.2.0/go.mod h1:eRSPERbgtNPcGhD8UCthc6PmLEQXEWd3PRB5JTxsfmM=
github.com/tidwall/pretty v1.2.1 h1:qjsOFOWWQl+N3RsoF5/ssm1pHmJJwhjlSbZ51I6wMl4=
github.com/tidwall/pretty v1.2.1/go.mod h1:ITEVvHYasfjBbM0u2Pg8T2nJnzm8xPwvNhhsoaGGjNU=
github.com/ulikunitz/xz v0.5.8/go.mod h1:nbz6k7qbPmH4IRqmfOplQw/tblSgqTqBwxkY0oWt/14=
github.com/ulikunitz/xz v0.5.15 h1:9DNdB5s+SgV3bQ2ApL10xRc35ck0DuIX/isZvIk+ubY=
github.com/ulikunitz/xz v0.5.15/go.mod h1:nbz6k7qbPmH4IRqmfOplQw/tblSgqTqBwxkY0oWt/14=
github.com/xyproto/randomstring v1.0.5 h1:YtlWPoRdgMu3NZtP45drfy1GKoojuR7hmRcnhZqKjWU=
github.com/xyproto/randomstring v1.0.5/go.mod h1:rgmS5DeNXLivK7YprL0pY+lTuhNQW3iGxZ18UQApw/E=
go.uber.org/multierr v1.11.0 h1:blXXJkSxSSfBVBlC76pxqeO+LN3aDfLQo+309xJstO0=
go.uber.org/multierr v1.11.0/go.mod h1:20+QtiLqy0Nd6FdQB9TLXag12DsQkrbs3htMFfDN80Y=
go4.org v0.0.0-20260112195520-a5071408f32f h1:ziUVAjmTPwQMBmYR1tbdRFJPtTcQUI12fH9QQjfb0Sw=
go4.org v0.0.0-20260112195520-a5071408f32f/go.mod h1:ZRJnO5ZI4zAwMFp+dS1+V6J6MSyAowhRqAE+DPa1Xp0=
golang.org/x/exp v0.0.0-20260611194520-c48552f49976 h1:X8Hz2ImujgbmetVuW+w2YkyZChE3cBpZi2P158rTG9M=
golang.org/x/exp v0.0.0-20260611194520-c48552f49976/go.mod h1:vnf4pv9iKZXY58sQE1L86zmNWJ4159e1RkcWiLCkeEY=
golang.org/x/mod v0.37.0 h1:vF1DjpVEshcIqoEaauuHebaLk1O1forxjxBaVn884JQ=
golang.org/x/mod v0.37.0/go.mod h1:m8S8VeM9r4dzDwjrKO0a1sZP3YjeMamRRlD+fmR2Q/0=
golang.org/x/net v0.56.0 h1:Rw8j/hFzGvJUZwNBXnAtf5sVDVt+65SK2C7IxCxZt5o=
golang.org/x/net v0.56.0/go.mod h1:D3Ku6r+V6JROoZK144D2XfMHFcMq/0zSfLelVTCFKec=
golang.org/x/sync v0.21.0 h1:HLII4xRRTtCRkxYp4HNFF0Js/Og6q2i++KXbg0gHCwM=
golang.org/x/sync v0.21.0/go.mod h1:9xrNwdLfx4jkKbNva9FpL6vEN7evnE43NNNJQ2LF3+0=
golang.org/x/sys v0.0.0-20220615213510-4f61da869c0c/go.mod h1:oPkhp1MJrh7nUepCBck5+mAzfO9JrbApNNgaTdGDITg=
golang.org/x/sys v0.46.0 h1:noSf2Fq6F8DBgS+LysIkx7rIExoNHJsxOAtPp4rthXw=
golang.org/x/sys v0.46.0/go.mod h1:4GL1E5IUh+htKOUEOaiffhrAeqysfVGipDYzABqnCmw=
golang.org/x/text v0.38.0 h1:sXmwo9DwP3OK9EZ7PqAdaooSGozfl/3a6/xJcbzPRhE=
golang.org/x/text v0.38.0/go.mod h1:YXZt3QhHUKYT53r2lLKFIVi6Ao1jdzrTR/KQ09qyxF4=
golang.org/x/tools v0.46.0 h1:7jTurBkPZu4moS/Uy4OQT1M+QBlsj3wejyZwsT8Z7rk=
golang.org/x/tools v0.46.0/go.mod h1:FrD85F8l+NWL+9XWBSyVSHO6Ne4jutsfIFba7AWQ5Ys=
golang.org/x/xerrors v0.0.0-20191204190536-9bdfabe68543/go.mod h1:I/5z698sn9Ka8TeJc9MKroUUfqBBauWjQqLJ2OPfmY0=
gopkg.in/check.v1 v0.0.0-20161208181325-20d25e280405/go.mod h1:Co6ibVJAznAaIkqp8huTwlJQCZ016jof/cbN4VW5Yz0=
gopkg.in/check.v1 v1.0.0-20190902080502-41f04d3bba15 h1:YR8cESwS4TdDjEe65xsg0ogRM/Nc3DYOhEAlW+xobZo=
gopkg.in/check.v1 v1.0.0-20190902080502-41f04d3bba15/go.mod h1:Co6ibVJAznAaIkqp8huTwlJQCZ016jof/cbN4VW5Yz0=
gopkg.in/yaml.v3 v3.0.0-20200313102051-9f266ea9e77c/go.mod h1:K4uyk7z7BCEPqu6E+C64Yfv1cQ7kz7rIZviUmN+EgEM=
gopkg.in/yaml.v3 v3.0.1 h1:fxVm/GzAzEWqLHuvctI91KS9hhNmmWOoWu0XTYJS7CA=
gopkg.in/yaml.v3 v3.0.1/go.mod h1:K4uyk7z7BCEPqu6E+C64Yfv1cQ7kz7rIZviUmN+EgEM=
